<?xml version="1.0" encoding="utf-8"?>
<Project ToolsVersion="17.0" xmlns="http://schemas.microsoft.com/developer/msbuild/2003">
  <ItemGroup>
    <ClCompile Include="C:\Users\mrafa\OneDrive\Ambiente de Trabalho\Uni\CG\projeto\Generator\Generator.cpp">
      <Filter>Source Files</Filter>
    </ClCompile>
  </ItemGroup>
  <ItemGroup>
    <CustomBuild Include="C:\Users\mrafa\OneDrive\Ambiente de Trabalho\Uni\CG\projeto\Generator\CMakeLists.txt" />
  </ItemGroup>
  <ItemGroup>
    <Filter Include="Source Files">
      <UniqueIdentifier>{B0CD0029-A6F3-3472-9DB6-9CD9B13D648B}</UniqueIdentifier>
    </Filter>
  </ItemGroup>
</Project>
